
Microsoft Visual Studio Solution File, Format Version 12.00
# Visual Studio Version 17
VisualStudioVersion = 17.0.31903.59
MinimumVisualStudioVersion = 10.0.40219.1
Project("{FAE04EC0-301F-11D3-BF4B-00C04F79EFBC}") = "CronoAula", "CronoAula\CronoAula.csproj", "{912F307C-5860-487B-956A-745E29ADD074}"
EndProject
Project("{FAE04EC0-301F-11D3-BF4B-00C04F79EFBC}") = "CronoAula.Tests", "CronoAula.Tests\CronoAula.Tests.csproj", "{07325136-00B4-4F2D-B4BD-2637C36ED90D}"
EndProject
Global
	GlobalSection(SolutionConfigurationPlatforms) = preSolution
		Debug|Any CPU = Debug|Any CPU
		Release|Any CPU = Release|Any CPU
	EndGlobalSection
	GlobalSection(SolutionProperties) = preSolution
		HideSolutionNode = FALSE
	EndGlobalSection
	GlobalSection(ProjectConfigurationPlatforms) = postSolution
		{912F307C-5860-487B-956A-745E29ADD074}.Debug|Any CPU.ActiveCfg = Debug|Any CPU
		{912F307C-5860-487B-956A-745E29ADD074}.Debug|Any CPU.Build.0 = Debug|Any CPU
		{912F307C-5860-487B-956A-745E29ADD074}.Release|Any CPU.ActiveCfg = Release|Any CPU
		{912F307C-5860-487B-956A-745E29ADD074}.Release|Any CPU.Build.0 = Release|Any CPU
		{07325136-00B4-4F2D-B4BD-2637C36ED90D}.Debug|Any CPU.ActiveCfg = Debug|Any CPU
		{07325136-00B4-4F2D-B4BD-2637C36ED90D}.Debug|Any CPU.Build.0 = Debug|Any CPU
		{07325136-00B4-4F2D-B4BD-2637C36ED90D}.Release|Any CPU.ActiveCfg = Release|Any CPU
		{07325136-00B4-4F2D-B4BD-2637C36ED90D}.Release|Any CPU.Build.0 = Release|Any CPU
	EndGlobalSection
EndGlobal
